// !$*UTF8*$!
{
	archiveVersion = 1;
	classes = {
	};
	objectVersion = 50;
	objects = {

/* Begin PBXBuildFile section */
		A5532C6A251A5C0200D9C715 /* AppDelegate.swift in Sources */ = {isa = PBXBuildFile; fileRef = A5532C69251A5C0200D9C715 /* AppDelegate.swift */; };
		A5532C74251A5C0200D9C715 /* UnsplashApp.xcdatamodeld in Sources */ = {isa = PBXBuildFile; fileRef = A5532C72251A5C0200D9C715 /* UnsplashApp.xcdatamodeld */; };
		A5532C76251A5C0200D9C715 /* Assets.xcassets in Resources */ = {isa = PBXBuildFile; fileRef = A5532C75251A5C0200D9C715 /* Assets.xcassets */; };
		A5532C79251A5C0200D9C715 /* LaunchScreen.storyboard in Resources */ = {isa = PBXBuildFile; fileRef = A5532C77251A5C0200D9C715 /* LaunchScreen.storyboard */; };
		A5532C81251A5CB300D9C715 /* SceneDelegate.swift in Sources */ = {isa = PBXBuildFile; fileRef = A5532C80251A5CB300D9C715 /* SceneDelegate.swift */; };
		A5532C86251A626C00D9C715 /* Thumbnail+CoreDataClass.swift in Sources */ = {isa = PBXBuildFile; fileRef = A5532C82251A626C00D9C715 /* Thumbnail+CoreDataClass.swift */; };
		A5532C87251A626C00D9C715 /* Thumbnail+CoreDataProperties.swift in Sources */ = {isa = PBXBuildFile; fileRef = A5532C83251A626C00D9C715 /* Thumbnail+CoreDataProperties.swift */; };
		A5532C88251A626C00D9C715 /* HResolution+CoreDataClass.swift in Sources */ = {isa = PBXBuildFile; fileRef = A5532C84251A626C00D9C715 /* HResolution+CoreDataClass.swift */; };
		A5532C89251A626C00D9C715 /* HResolution+CoreDataProperties.swift in Sources */ = {isa = PBXBuildFile; fileRef = A5532C85251A626C00D9C715 /* HResolution+CoreDataProperties.swift */; };
		A5532C91251A775D00D9C715 /* MainViewController.swift in Sources */ = {isa = PBXBuildFile; fileRef = A5532C90251A775D00D9C715 /* MainViewController.swift */; };
		A5532C93251A776D00D9C715 /* MainViewController.storyboard in Resources */ = {isa = PBXBuildFile; fileRef = A5532C92251A776D00D9C715 /* MainViewController.storyboard */; };
		A55448332543493800AF3248 /* RequestTask.swift in Sources */ = {isa = PBXBuildFile; fileRef = A55448322543493800AF3248 /* RequestTask.swift */; };
		A5544843254465A500AF3248 /* ViewModeViewController.swift in Sources */ = {isa = PBXBuildFile; fileRef = A5544841254465A500AF3248 /* ViewModeViewController.swift */; };
		A5544844254465A500AF3248 /* ViewModeViewController.xib in Resources */ = {isa = PBXBuildFile; fileRef = A5544842254465A500AF3248 /* ViewModeViewController.xib */; };
		A55448482544666700AF3248 /* ViewModeCollectionViewCell.swift in Sources */ = {isa = PBXBuildFile; fileRef = A55448462544666700AF3248 /* ViewModeCollectionViewCell.swift */; };
		A55448492544666700AF3248 /* ViewModeCollectionViewCell.xib in Resources */ = {isa = PBXBuildFile; fileRef = A55448472544666700AF3248 /* ViewModeCollectionViewCell.xib */; };
		A554484D25446B6200AF3248 /* ZoomTransitionDelegate.swift in Sources */ = {isa = PBXBuildFile; fileRef = A554484C25446B6200AF3248 /* ZoomTransitionDelegate.swift */; };
		A55448512545A07100AF3248 /* CoreDataManager.swift in Sources */ = {isa = PBXBuildFile; fileRef = A55448502545A07100AF3248 /* CoreDataManager.swift */; };
		A557F9A5251A7EFA002AD3B8 /* DataManager.swift in Sources */ = {isa = PBXBuildFile; fileRef = A557F9A4251A7EFA002AD3B8 /* DataManager.swift */; };
		A558005625486BA6004031DF /* SaveProcessingView.swift in Sources */ = {isa = PBXBuildFile; fileRef = A558005525486BA6004031DF /* SaveProcessingView.swift */; };
		A55A44A825413E4B00EC0D36 /* ImageCache.swift in Sources */ = {isa = PBXBuildFile; fileRef = A55A44A725413E4B00EC0D36 /* ImageCache.swift */; };
		A55EB4F42547328D00204D7F /* LibraryImageCollectionViewCell.swift in Sources */ = {isa = PBXBuildFile; fileRef = A55EB4F22547328D00204D7F /* LibraryImageCollectionViewCell.swift */; };
		A55EB4F52547328D00204D7F /* LibraryImageCollectionViewCell.xib in Resources */ = {isa = PBXBuildFile; fileRef = A55EB4F32547328D00204D7F /* LibraryImageCollectionViewCell.xib */; };
		A55EB4F82547343000204D7F /* ImageCollectionViewCell.swift in Sources */ = {isa = PBXBuildFile; fileRef = A55EB4F72547343000204D7F /* ImageCollectionViewCell.swift */; };
		A55EB4FF25474A3B00204D7F /* PopupSaveImageViewController.swift in Sources */ = {isa = PBXBuildFile; fileRef = A55EB4FD25474A3B00204D7F /* PopupSaveImageViewController.swift */; };
		A55EB50025474A3B00204D7F /* PopupSaveImageViewController.xib in Resources */ = {isa = PBXBuildFile; fileRef = A55EB4FE25474A3B00204D7F /* PopupSaveImageViewController.xib */; };
		A585808825472260009AD1A8 /* LibraryViewController.swift in Sources */ = {isa = PBXBuildFile; fileRef = A585808625472260009AD1A8 /* LibraryViewController.swift */; };
		A585808925472260009AD1A8 /* LibraryViewController.xib in Resources */ = {isa = PBXBuildFile; fileRef = A585808725472260009AD1A8 /* LibraryViewController.xib */; };
		A5A5E72D253F290500003EEF /* RequestService.swift in Sources */ = {isa = PBXBuildFile; fileRef = A5A5E72C253F290500003EEF /* RequestService.swift */; };
		A5E91815253DDA34002F5EC3 /* Constants.swift in Sources */ = {isa = PBXBuildFile; fileRef = A5E91814253DDA34002F5EC3 /* Constants.swift */; };
		A5E91819253DDF4A002F5EC3 /* SearchViewController.swift in Sources */ = {isa = PBXBuildFile; fileRef = A5E91817253DDF4A002F5EC3 /* SearchViewController.swift */; };
		A5E9181A253DDF4A002F5EC3 /* SearchViewController.xib in Resources */ = {isa = PBXBuildFile; fileRef = A5E91818253DDF4A002F5EC3 /* SearchViewController.xib */; };
		A5E9181E253DE1DC002F5EC3 /* JsonResponseModels.swift in Sources */ = {isa = PBXBuildFile; fileRef = A5E9181D253DE1DC002F5EC3 /* JsonResponseModels.swift */; };
		A5E9182F253E0005002F5EC3 /* UIView+Extension.swift in Sources */ = {isa = PBXBuildFile; fileRef = A5E9182E253E0005002F5EC3 /* UIView+Extension.swift */; };
		A5E91838253E01AB002F5EC3 /* SFProText-Medium.ttf in Resources */ = {isa = PBXBuildFile; fileRef = A5E91833253E01AB002F5EC3 /* SFProText-Medium.ttf */; };
		A5E91839253E01AB002F5EC3 /* SFProText-Semibold.ttf in Resources */ = {isa = PBXBuildFile; fileRef = A5E91834253E01AB002F5EC3 /* SFProText-Semibold.ttf */; };
		A5E9183A253E01AB002F5EC3 /* SFProText-Regular.ttf in Resources */ = {isa = PBXBuildFile; fileRef = A5E91835253E01AB002F5EC3 /* SFProText-Regular.ttf */; };
		A5E9183B253E01AB002F5EC3 /* SFProText-Light.ttf in Resources */ = {isa = PBXBuildFile; fileRef = A5E91836253E01AB002F5EC3 /* SFProText-Light.ttf */; };
		A5E9183C253E01AB002F5EC3 /* SFProText-Bold.ttf in Resources */ = {isa = PBXBuildFile; fileRef = A5E91837253E01AB002F5EC3 /* SFProText-Bold.ttf */; };
		A5E91840253E052B002F5EC3 /* SearchImageCollectionViewCell.swift in Sources */ = {isa = PBXBuildFile; fileRef = A5E9183E253E052B002F5EC3 /* SearchImageCollectionViewCell.swift */; };
		A5E91841253E052B002F5EC3 /* SearchImageCollectionViewCell.xib in Resources */ = {isa = PBXBuildFile; fileRef = A5E9183F253E052B002F5EC3 /* SearchImageCollectionViewCell.xib */; };
/* End PBXBuildFile section */

/* Begin PBXFileReference section */
		A5532C66251A5C0200D9C715 /* UnsplashApp.app */ = {isa = PBXFileReference; explicitFileType = wrapper.application; includeInIndex = 0; path = UnsplashApp.app; sourceTree = BUILT_PRODUCTS_DIR; };
		A5532C69251A5C0200D9C715 /* AppDelegate.swift */ = {isa = PBXFileReference; lastKnownFileType = sourcecode.swift; path = AppDelegate.swift; sourceTree = "<group>"; };
		A5532C73251A5C0200D9C715 /* UnsplashApp.xcdatamodel */ = {isa = PBXFileReference; lastKnownFileType = wrapper.xcdatamodel; path = UnsplashApp.xcdatamodel; sourceTree = "<group>"; };
		A5532C75251A5C0200D9C715 /* Assets.xcassets */ = {isa = PBXFileReference; lastKnownFileType = folder.assetcatalog; path = Assets.xcassets; sourceTree = "<group>"; };
		A5532C78251A5C0200D9C715 /* Base */ = {isa = PBXFileReference; lastKnownFileType = file.storyboard; name = Base; path = Base.lproj/LaunchScreen.storyboard; sourceTree = "<group>"; };
		A5532C7A251A5C0200D9C715 /* Info.plist */ = {isa = PBXFileReference; lastKnownFileType = text.plist.xml; path = Info.plist; sourceTree = "<group>"; };
		A5532C80251A5CB300D9C715 /* SceneDelegate.swift */ = {isa = PBXFileReference; fileEncoding = 4; lastKnownFileType = sourcecode.swift; path = SceneDelegate.swift; sourceTree = "<group>"; };
		A5532C82251A626C00D9C715 /* Thumbnail+CoreDataClass.swift */ = {isa = PBXFileReference; lastKnownFileType = sourcecode.swift; path = "Thumbnail+CoreDataClass.swift"; sourceTree = "<group>"; };
		A5532C83251A626C00D9C715 /* Thumbnail+CoreDataProperties.swift */ = {isa = PBXFileReference; lastKnownFileType = sourcecode.swift; path = "Thumbnail+CoreDataProperties.swift"; sourceTree = "<group>"; };
		A5532C84251A626C00D9C715 /* HResolution+CoreDataClass.swift */ = {isa = PBXFileReference; lastKnownFileType = sourcecode.swift; path = "HResolution+CoreDataClass.swift"; sourceTree = "<group>"; };
		A5532C85251A626C00D9C715 /* HResolution+CoreDataProperties.swift */ = {isa = PBXFileReference; lastKnownFileType = sourcecode.swift; path = "HResolution+CoreDataProperties.swift"; sourceTree = "<group>"; };
		A5532C90251A775D00D9C715 /* MainViewController.swift */ = {isa = PBXFileReference; lastKnownFileType = sourcecode.swift; path = MainViewController.swift; sourceTree = "<group>"; };
		A5532C92251A776D00D9C715 /* MainViewController.storyboard */ = {isa = PBXFileReference; lastKnownFileType = file.storyboard; path = MainViewController.storyboard; sourceTree = "<group>"; };
		A55448322543493800AF3248 /* RequestTask.swift */ = {isa = PBXFileReference; lastKnownFileType = sourcecode.swift; path = RequestTask.swift; sourceTree = "<group>"; };
		A5544841254465A500AF3248 /* ViewModeViewController.swift */ = {isa = PBXFileReference; lastKnownFileType = sourcecode.swift; path = ViewModeViewController.swift; sourceTree = "<group>"; };
		A5544842254465A500AF3248 /* ViewModeViewController.xib */ = {isa = PBXFileReference; lastKnownFileType = file.xib; path = ViewModeViewController.xib; sourceTree = "<group>"; };
		A55448462544666700AF3248 /* ViewModeCollectionViewCell.swift */ = {isa = PBXFileReference; lastKnownFileType = sourcecode.swift; path = ViewModeCollectionViewCell.swift; sourceTree = "<group>"; };
		A55448472544666700AF3248 /* ViewModeCollectionViewCell.xib */ = {isa = PBXFileReference; lastKnownFileType = file.xib; path = ViewModeCollectionViewCell.xib; sourceTree = "<group>"; };
		A554484C25446B6200AF3248 /* ZoomTransitionDelegate.swift */ = {isa = PBXFileReference; lastKnownFileType = sourcecode.swift; path = ZoomTransitionDelegate.swift; sourceTree = "<group>"; };
		A55448502545A07100AF3248 /* CoreDataManager.swift */ = {isa = PBXFileReference; lastKnownFileType = sourcecode.swift; path = CoreDataManager.swift; sourceTree = "<group>"; };
		A557F9A4251A7EFA002AD3B8 /* DataManager.swift */ = {isa = PBXFileReference; lastKnownFileType = sourcecode.swift; path = DataManager.swift; sourceTree = "<group>"; };
		A558005525486BA6004031DF /* SaveProcessingView.swift */ = {isa = PBXFileReference; lastKnownFileType = sourcecode.swift; path = SaveProcessingView.swift; sourceTree = "<group>"; };
		A55A44A725413E4B00EC0D36 /* ImageCache.swift */ = {isa = PBXFileReference; lastKnownFileType = sourcecode.swift; path = ImageCache.swift; sourceTree = "<group>"; };
		A55EB4F22547328D00204D7F /* LibraryImageCollectionViewCell.swift */ = {isa = PBXFileReference; lastKnownFileType = sourcecode.swift; path = LibraryImageCollectionViewCell.swift; sourceTree = "<group>"; };
		A55EB4F32547328D00204D7F /* LibraryImageCollectionViewCell.xib */ = {isa = PBXFileReference; lastKnownFileType = file.xib; path = LibraryImageCollectionViewCell.xib; sourceTree = "<group>"; };
		A55EB4F72547343000204D7F /* ImageCollectionViewCell.swift */ = {isa = PBXFileReference; lastKnownFileType = sourcecode.swift; path = ImageCollectionViewCell.swift; sourceTree = "<group>"; };
		A55EB4FD25474A3B00204D7F /* PopupSaveImageViewController.swift */ = {isa = PBXFileReference; lastKnownFileType = sourcecode.swift; path = PopupSaveImageViewController.swift; sourceTree = "<group>"; };
		A55EB4FE25474A3B00204D7F /* PopupSaveImageViewController.xib */ = {isa = PBXFileReference; lastKnownFileType = file.xib; path = PopupSaveImageViewController.xib; sourceTree = "<group>"; };
		A585808625472260009AD1A8 /* LibraryViewController.swift */ = {isa = PBXFileReference; lastKnownFileType = sourcecode.swift; path = LibraryViewController.swift; sourceTree = "<group>"; };
		A585808725472260009AD1A8 /* LibraryViewController.xib */ = {isa = PBXFileReference; lastKnownFileType = file.xib; path = LibraryViewController.xib; sourceTree = "<group>"; };
		A5A5E72C253F290500003EEF /* RequestService.swift */ = {isa = PBXFileReference; lastKnownFileType = sourcecode.swift; path = RequestService.swift; sourceTree = "<group>"; };
		A5E91814253DDA34002F5EC3 /* Constants.swift */ = {isa = PBXFileReference; lastKnownFileType = sourcecode.swift; path = Constants.swift; sourceTree = "<group>"; };
		A5E91817253DDF4A002F5EC3 /* SearchViewController.swift */ = {isa = PBXFileReference; lastKnownFileType = sourcecode.swift; path = SearchViewController.swift; sourceTree = "<group>"; };
		A5E91818253DDF4A002F5EC3 /* SearchViewController.xib */ = {isa = PBXFileReference; lastKnownFileType = file.xib; path = SearchViewController.xib; sourceTree = "<group>"; };
		A5E9181D253DE1DC002F5EC3 /* JsonResponseModels.swift */ = {isa = PBXFileReference; lastKnownFileType = sourcecode.swift; path = JsonResponseModels.swift; sourceTree = "<group>"; };
		A5E9182E253E0005002F5EC3 /* UIView+Extension.swift */ = {isa = PBXFileReference; lastKnownFileType = sourcecode.swift; path = "UIView+Extension.swift"; sourceTree = "<group>"; };
		A5E91833253E01AB002F5EC3 /* SFProText-Medium.ttf */ = {isa = PBXFileReference; lastKnownFileType = file; path = "SFProText-Medium.ttf"; sourceTree = "<group>"; };
		A5E91834253E01AB002F5EC3 /* SFProText-Semibold.ttf */ = {isa = PBXFileReference; lastKnownFileType = file; path = "SFProText-Semibold.ttf"; sourceTree = "<group>"; };
		A5E91835253E01AB002F5EC3 /* SFProText-Regular.ttf */ = {isa = PBXFileReference; lastKnownFileType = file; path = "SFProText-Regular.ttf"; sourceTree = "<group>"; };
		A5E91836253E01AB002F5EC3 /* SFProText-Light.ttf */ = {isa = PBXFileReference; lastKnownFileType = file; path = "SFProText-Light.ttf"; sourceTree = "<group>"; };
		A5E91837253E01AB002F5EC3 /* SFProText-Bold.ttf */ = {isa = PBXFileReference; lastKnownFileType = file; path = "SFProText-Bold.ttf"; sourceTree = "<group>"; };
		A5E9183E253E052B002F5EC3 /* SearchImageCollectionViewCell.swift */ = {isa = PBXFileReference; lastKnownFileType = sourcecode.swift; path = SearchImageCollectionViewCell.swift; sourceTree = "<group>"; };
		A5E9183F253E052B002F5EC3 /* SearchImageCollectionViewCell.xib */ = {isa = PBXFileReference; lastKnownFileType = file.xib; path = SearchImageCollectionViewCell.xib; sourceTree = "<group>"; };
/* End PBXFileReference section */

/* Begin PBXFrameworksBuildPhase section */
		A5532C63251A5C0200D9C715 /* Frameworks */ = {
			isa = PBXFrameworksBuildPhase;
			buildActionMask = 2147483647;
			files = (
			);
			runOnlyForDeploymentPostprocessing = 0;
		};
/* End PBXFrameworksBuildPhase section */

/* Begin PBXGroup section */
		A5532C5D251A5C0200D9C715 = {
			isa = PBXGroup;
			children = (
				A5532C68251A5C0200D9C715 /* UnsplashApp */,
				A5532C67251A5C0200D9C715 /* Products */,
			);
			sourceTree = "<group>";
		};
		A5532C67251A5C0200D9C715 /* Products */ = {
			isa = PBXGroup;
			children = (
				A5532C66251A5C0200D9C715 /* UnsplashApp.app */,
			);
			name = Products;
			sourceTree = "<group>";
		};
		A5532C68251A5C0200D9C715 /* UnsplashApp */ = {
			isa = PBXGroup;
			children = (
				A5E91828253DFFDD002F5EC3 /* Helpers */,
				A5E9181C253DE1CB002F5EC3 /* Model */,
				A557F9A1251A7EC8002AD3B8 /* Service */,
				A5532C8B251A76D800D9C715 /* Config */,
				A5532C8A251A63BE00D9C715 /* CoreData */,
				A5532C8C251A76E500D9C715 /* Resources */,
				A5532C8D251A76F300D9C715 /* UI */,
			);
			path = UnsplashApp;
			sourceTree = "<group>";
		};
		A5532C8A251A63BE00D9C715 /* CoreData */ = {
			isa = PBXGroup;
			children = (
				A5532C82251A626C00D9C715 /* Thumbnail+CoreDataClass.swift */,
				A5532C83251A626C00D9C715 /* Thumbnail+CoreDataProperties.swift */,
				A5532C84251A626C00D9C715 /* HResolution+CoreDataClass.swift */,
				A5532C85251A626C00D9C715 /* HResolution+CoreDataProperties.swift */,
			);
			path = CoreData;
			sourceTree = "<group>";
		};
		A5532C8B251A76D800D9C715 /* Config */ = {
			isa = PBXGroup;
			children = (
				A5532C80251A5CB300D9C715 /* SceneDelegate.swift */,
				A5532C69251A5C0200D9C715 /* AppDelegate.swift */,
				A5532C7A251A5C0200D9C715 /* Info.plist */,
				A5532C72251A5C0200D9C715 /* UnsplashApp.xcdatamodeld */,
				A5E91814253DDA34002F5EC3 /* Constants.swift */,
			);
			path = Config;
			sourceTree = "<group>";
		};
		A5532C8C251A76E500D9C715 /* Resources */ = {
			isa = PBXGroup;
			children = (
				A5E91832253E01AB002F5EC3 /* Fonts */,
				A5532C75251A5C0200D9C715 /* Assets.xcassets */,
			);
			path = Resources;
			sourceTree = "<group>";
		};
		A5532C8D251A76F300D9C715 /* UI */ = {
			isa = PBXGroup;
			children = (
				A5E569EE254759020080899B /* PopupSaveImgeViewController */,
				A585808525472244009AD1A8 /* LibraryViewController */,
				A554483B2544651D00AF3248 /* VideModeViewController */,
				A5532C8E251A772100D9C715 /* Main */,
				A5544839254464CF00AF3248 /* SearchViewController */,
				A55EB4F72547343000204D7F /* ImageCollectionViewCell.swift */,
				A558005525486BA6004031DF /* SaveProcessingView.swift */,
			);
			path = UI;
			sourceTree = "<group>";
		};
		A5532C8E251A772100D9C715 /* Main */ = {
			isa = PBXGroup;
			children = (
				A5532C77251A5C0200D9C715 /* LaunchScreen.storyboard */,
				A5532C8F251A772D00D9C715 /* MainViewController */,
			);
			path = Main;
			sourceTree = "<group>";
		};
		A5532C8F251A772D00D9C715 /* MainViewController */ = {
			isa = PBXGroup;
			children = (
				A5532C90251A775D00D9C715 /* MainViewController.swift */,
				A5532C92251A776D00D9C715 /* MainViewController.storyboard */,
			);
			path = MainViewController;
			sourceTree = "<group>";
		};
		A5544839254464CF00AF3248 /* SearchViewController */ = {
			isa = PBXGroup;
			children = (
				A5E9183E253E052B002F5EC3 /* SearchImageCollectionViewCell.swift */,
				A5E9183F253E052B002F5EC3 /* SearchImageCollectionViewCell.xib */,
				A5E91817253DDF4A002F5EC3 /* SearchViewController.swift */,
				A5E91818253DDF4A002F5EC3 /* SearchViewController.xib */,
			);
			path = SearchViewController;
			sourceTree = "<group>";
		};
		A554483B2544651D00AF3248 /* VideModeViewController */ = {
			isa = PBXGroup;
			children = (
				A5544841254465A500AF3248 /* ViewModeViewController.swift */,
				A5544842254465A500AF3248 /* ViewModeViewController.xib */,
				A55448462544666700AF3248 /* ViewModeCollectionViewCell.swift */,
				A55448472544666700AF3248 /* ViewModeCollectionViewCell.xib */,
			);
			path = VideModeViewController;
			sourceTree = "<group>";
		};
		A557F9A1251A7EC8002AD3B8 /* Service */ = {
			isa = PBXGroup;
			children = (
				A55448502545A07100AF3248 /* CoreDataManager.swift */,
				A55A44A725413E4B00EC0D36 /* ImageCache.swift */,
				A557F9A4251A7EFA002AD3B8 /* DataManager.swift */,
				A5A5E72C253F290500003EEF /* RequestService.swift */,
			);
			path = Service;
			sourceTree = "<group>";
		};
		A585808525472244009AD1A8 /* LibraryViewController */ = {
			isa = PBXGroup;
			children = (
				A585808625472260009AD1A8 /* LibraryViewController.swift */,
				A585808725472260009AD1A8 /* LibraryViewController.xib */,
				A55EB4F22547328D00204D7F /* LibraryImageCollectionViewCell.swift */,
				A55EB4F32547328D00204D7F /* LibraryImageCollectionViewCell.xib */,
			);
			path = LibraryViewController;
			sourceTree = "<group>";
		};
		A5E569EE254759020080899B /* PopupSaveImgeViewController */ = {
			isa = PBXGroup;
			children = (
				A55EB4FD25474A3B00204D7F /* PopupSaveImageViewController.swift */,
				A55EB4FE25474A3B00204D7F /* PopupSaveImageViewController.xib */,
			);
			path = PopupSaveImgeViewController;
			sourceTree = "<group>";
		};
		A5E9181C253DE1CB002F5EC3 /* Model */ = {
			isa = PBXGroup;
			children = (
				A5E9181D253DE1DC002F5EC3 /* JsonResponseModels.swift */,
				A55448322543493800AF3248 /* RequestTask.swift */,
			);
			path = Model;
			sourceTree = "<group>";
		};
		A5E91828253DFFDD002F5EC3 /* Helpers */ = {
			isa = PBXGroup;
			children = (
				A5E9182D253DFFF9002F5EC3 /* Extensions */,
				A554484C25446B6200AF3248 /* ZoomTransitionDelegate.swift */,
			);
			path = Helpers;
			sourceTree = "<group>";
		};
		A5E9182D253DFFF9002F5EC3 /* Extensions */ = {
			isa = PBXGroup;
			children = (
				A5E9182E253E0005002F5EC3 /* UIView+Extension.swift */,
			);
			path = Extensions;
			sourceTree = "<group>";
		};
		A5E91832253E01AB002F5EC3 /* Fonts */ = {
			isa = PBXGroup;
			children = (
				A5E91833253E01AB002F5EC3 /* SFProText-Medium.ttf */,
				A5E91834253E01AB002F5EC3 /* SFProText-Semibold.ttf */,
				A5E91835253E01AB002F5EC3 /* SFProText-Regular.ttf */,
				A5E91836253E01AB002F5EC3 /* SFProText-Light.ttf */,
				A5E91837253E01AB002F5EC3 /* SFProText-Bold.ttf */,
			);
			path = Fonts;
			sourceTree = "<group>";
		};
/* End PBXGroup section */

/* Begin PBXNativeTarget section */
		A5532C65251A5C0200D9C715 /* UnsplashApp */ = {
			isa = PBXNativeTarget;
			buildConfigurationList = A5532C7D251A5C0200D9C715 /* Build configuration list for PBXNativeTarget "UnsplashApp" */;
			buildPhases = (
				A5532C62251A5C0200D9C715 /* Sources */,
				A5532C63251A5C0200D9C715 /* Frameworks */,
				A5532C64251A5C0200D9C715 /* Resources */,
			);
			buildRules = (
			);
			dependencies = (
			);
			name = UnsplashApp;
			productName = UnsplashApp;
			productReference = A5532C66251A5C0200D9C715 /* UnsplashApp.app */;
			productType = "com.apple.product-type.application";
		};
/* End PBXNativeTarget section */

/* Begin PBXProject section */
		A5532C5E251A5C0200D9C715 /* Project object */ = {
			isa = PBXProject;
			attributes = {
				LastSwiftUpdateCheck = 1160;
				LastUpgradeCheck = 1160;
				ORGANIZATIONNAME = metoSimka;
				TargetAttributes = {
					A5532C65251A5C0200D9C715 = {
						CreatedOnToolsVersion = 11.6;
					};
				};
			};
			buildConfigurationList = A5532C61251A5C0200D9C715 /* Build configuration list for PBXProject "UnsplashApp" */;
			compatibilityVersion = "Xcode 9.3";
			developmentRegion = en;
			hasScannedForEncodings = 0;
			knownRegions = (
				en,
				Base,
			);
			mainGroup = A5532C5D251A5C0200D9C715;
			productRefGroup = A5532C67251A5C0200D9C715 /* Products */;
			projectDirPath = "";
			projectRoot = "";
			targets = (
				A5532C65251A5C0200D9C715 /* UnsplashApp */,
			);
		};
/* End PBXProject section */

/* Begin PBXResourcesBuildPhase section */
		A5532C64251A5C0200D9C715 /* Resources */ = {
			isa = PBXResourcesBuildPhase;
			buildActionMask = 2147483647;
			files = (
				A5532C79251A5C0200D9C715 /* LaunchScreen.storyboard in Resources */,
				A5544844254465A500AF3248 /* ViewModeViewController.xib in Resources */,
				A55EB4F52547328D00204D7F /* LibraryImageCollectionViewCell.xib in Resources */,
				A55448492544666700AF3248 /* ViewModeCollectionViewCell.xib in Resources */,
				A55EB50025474A3B00204D7F /* PopupSaveImageViewController.xib in Resources */,
				A5532C93251A776D00D9C715 /* MainViewController.storyboard in Resources */,
				A5E9183A253E01AB002F5EC3 /* SFProText-Regular.ttf in Resources */,
				A5E9183B253E01AB002F5EC3 /* SFProText-Light.ttf in Resources */,
				A5E91841253E052B002F5EC3 /* SearchImageCollectionViewCell.xib in Resources */,
				A5E9181A253DDF4A002F5EC3 /* SearchViewController.xib in Resources */,
				A5532C76251A5C0200D9C715 /* Assets.xcassets in Resources */,
				A5E91838253E01AB002F5EC3 /* SFProText-Medium.ttf in Resources */,
				A585808925472260009AD1A8 /* LibraryViewController.xib in Resources */,
				A5E9183C253E01AB002F5EC3 /* SFProText-Bold.ttf in Resources */,
				A5E91839253E01AB002F5EC3 /* SFProText-Semibold.ttf in Resources */,
			);
			runOnlyForDeploymentPostprocessing = 0;
		};
/* End PBXResourcesBuildPhase section */

/* Begin PBXSourcesBuildPhase section */
		A5532C62251A5C0200D9C715 /* Sources */ = {
			isa = PBXSourcesBuildPhase;
			buildActionMask = 2147483647;
			files = (
				A5532C86251A626C00D9C715 /* Thumbnail+CoreDataClass.swift in Sources */,
				A5E91819253DDF4A002F5EC3 /* SearchViewController.swift in Sources */,
				A5544843254465A500AF3248 /* ViewModeViewController.swift in Sources */,
				A5532C87251A626C00D9C715 /* Thumbnail+CoreDataProperties.swift in Sources */,
				A55448512545A07100AF3248 /* CoreDataManager.swift in Sources */,
				A55448482544666700AF3248 /* ViewModeCollectionViewCell.swift in Sources */,
				A5532C6A251A5C0200D9C715 /* AppDelegate.swift in Sources */,
				A554484D25446B6200AF3248 /* ZoomTransitionDelegate.swift in Sources */,
				A55EB4FF25474A3B00204D7F /* PopupSaveImageViewController.swift in Sources */,
				A5532C88251A626C00D9C715 /* HResolution+CoreDataClass.swift in Sources */,
				A5532C74251A5C0200D9C715 /* UnsplashApp.xcdatamodeld in Sources */,
				A55EB4F42547328D00204D7F /* LibraryImageCollectionViewCell.swift in Sources */,
				A55448332543493800AF3248 /* RequestTask.swift in Sources */,
				A5E91840253E052B002F5EC3 /* SearchImageCollectionViewCell.swift in Sources */,
				A585808825472260009AD1A8 /* LibraryViewController.swift in Sources */,
				A5E91815253DDA34002F5EC3 /* Constants.swift in Sources */,
				A558005625486BA6004031DF /* SaveProcessingView.swift in Sources */,
				A5E9181E253DE1DC002F5EC3 /* JsonResponseModels.swift in Sources */,
				A5E9182F253E0005002F5EC3 /* UIView+Extension.swift in Sources */,
				A55A44A825413E4B00EC0D36 /* ImageCache.swift in Sources */,
				A55EB4F82547343000204D7F /* ImageCollectionViewCell.swift in Sources */,
				A5A5E72D253F290500003EEF /* RequestService.swift in Sources */,
				A5532C89251A626C00D9C715 /* HResolution+CoreDataProperties.swift in Sources */,
				A5532C81251A5CB300D9C715 /* SceneDelegate.swift in Sources */,
				A557F9A5251A7EFA002AD3B8 /* DataManager.swift in Sources */,
				A5532C91251A775D00D9C715 /* MainViewController.swift in Sources */,
			);
			runOnlyForDeploymentPostprocessing = 0;
		};
/* End PBXSourcesBuildPhase section */

/* Begin PBXVariantGroup section */
		A5532C77251A5C0200D9C715 /* LaunchScreen.storyboard */ = {
			isa = PBXVariantGroup;
			children = (
				A5532C78251A5C0200D9C715 /* Base */,
			);
			name = LaunchScreen.storyboard;
			sourceTree = "<group>";
		};
/* End PBXVariantGroup section */

/* Begin XCBuildConfiguration section */
		A5532C7B251A5C0200D9C715 /* Debug */ = {
			isa = XCBuildConfiguration;
			buildSettings = {
				ALWAYS_SEARCH_USER_PATHS = NO;
				CLANG_ANALYZER_NONNULL = YES;
				CLANG_ANALYZER_NUMBER_OBJECT_CONVERSION = YES_AGGRESSIVE;
				CLANG_CXX_LANGUAGE_STANDARD = "gnu++14";
				CLANG_CXX_LIBRARY = "libc++";
				CLANG_ENABLE_MODULES = YES;
				CLANG_ENABLE_OBJC_ARC = YES;
				CLANG_ENABLE_OBJC_WEAK = YES;
				CLANG_WARN_BLOCK_CAPTURE_AUTORELEASING = YES;
				CLANG_WARN_BOOL_CONVERSION = YES;
				CLANG_WARN_COMMA = YES;
				CLANG_WARN_CONSTANT_CONVERSION = YES;
				CLANG_WARN_DEPRECATED_OBJC_IMPLEMENTATIONS = YES;
				CLANG_WARN_DIRECT_OBJC_ISA_USAGE = YES_ERROR;
				CLANG_WARN_DOCUMENTATION_COMMENTS = YES;
				CLANG_WARN_EMPTY_BODY = YES;
				CLANG_WARN_ENUM_CONVERSION = YES;
				CLANG_WARN_INFINITE_RECURSION = YES;
				CLANG_WARN_INT_CONVERSION = YES;
				CLANG_WARN_NON_LITERAL_NULL_CONVERSION = YES;
				CLANG_WARN_OBJC_IMPLICIT_RETAIN_SELF = YES;
				CLANG_WARN_OBJC_LITERAL_CONVERSION = YES;
				CLANG_WARN_OBJC_ROOT_CLASS = YES_ERROR;
				CLANG_WARN_RANGE_LOOP_ANALYSIS = YES;
				CLANG_WARN_STRICT_PROTOTYPES = YES;
				CLANG_WARN_SUSPICIOUS_MOVE = YES;
				CLANG_WARN_UNGUARDED_AVAILABILITY = YES_AGGRESSIVE;
				CLANG_WARN_UNREACHABLE_CODE = YES;
				CLANG_WARN__DUPLICATE_METHOD_MATCH = YES;
				COPY_PHASE_STRIP = NO;
				DEBUG_INFORMATION_FORMAT = dwarf;
				ENABLE_STRICT_OBJC_MSGSEND = YES;
				ENABLE_TESTABILITY = YES;
				GCC_C_LANGUAGE_STANDARD = gnu11;
				GCC_DYNAMIC_NO_PIC = NO;
				GCC_NO_COMMON_BLOCKS = YES;
				GCC_OPTIMIZATION_LEVEL = 0;
				GCC_PREPROCESSOR_DEFINITIONS = (
					"DEBUG=1",
					"$(inherited)",
				);
				GCC_WARN_64_TO_32_BIT_CONVERSION = YES;
				GCC_WARN_ABOUT_RETURN_TYPE = YES_ERROR;
				GCC_WARN_UNDECLARED_SELECTOR = YES;
				GCC_WARN_UNINITIALIZED_AUTOS = YES_AGGRESSIVE;
				GCC_WARN_UNUSED_FUNCTION = YES;
				GCC_WARN_UNUSED_VARIABLE = YES;
				IPHONEOS_DEPLOYMENT_TARGET = 10.0;
				MTL_ENABLE_DEBUG_INFO = INCLUDE_SOURCE;
				MTL_FAST_MATH = YES;
				ONLY_ACTIVE_ARCH = YES;
				SDKROOT = iphoneos;
				SWIFT_ACTIVE_COMPILATION_CONDITIONS = DEBUG;
				SWIFT_OPTIMIZATION_LEVEL = "-Onone";
			};
			name = Debug;
		};
		A5532C7C251A5C0200D9C715 /* Release */ = {
			isa = XCBuildConfiguration;
			buildSettings = {
				ALWAYS_SEARCH_USER_PATHS = NO;
				CLANG_ANALYZER_NONNULL = YES;
				CLANG_ANALYZER_NUMBER_OBJECT_CONVERSION = YES_AGGRESSIVE;
				CLANG_CXX_LANGUAGE_STANDARD = "gnu++14";
				CLANG_CXX_LIBRARY = "libc++";
				CLANG_ENABLE_MODULES = YES;
				CLANG_ENABLE_OBJC_ARC = YES;
				CLANG_ENABLE_OBJC_WEAK = YES;
				CLANG_WARN_BLOCK_CAPTURE_AUTORELEASING = YES;
				CLANG_WARN_BOOL_CONVERSION = YES;
				CLANG_WARN_COMMA = YES;
				CLANG_WARN_CONSTANT_CONVERSION = YES;
				CLANG_WARN_DEPRECATED_OBJC_IMPLEMENTATIONS = YES;
				CLANG_WARN_DIRECT_OBJC_ISA_USAGE = YES_ERROR;
				CLANG_WARN_DOCUMENTATION_COMMENTS = YES;
				CLANG_WARN_EMPTY_BODY = YES;
				CLANG_WARN_ENUM_CONVERSION = YES;
				CLANG_WARN_INFINITE_RECURSION = YES;
				CLANG_WARN_INT_CONVERSION = YES;
				CLANG_WARN_NON_LITERAL_NULL_CONVERSION = YES;
				CLANG_WARN_OBJC_IMPLICIT_RETAIN_SELF = YES;
				CLANG_WARN_OBJC_LITERAL_CONVERSION = YES;
				CLANG_WARN_OBJC_ROOT_CLASS = YES_ERROR;
				CLANG_WARN_RANGE_LOOP_ANALYSIS = YES;
				CLANG_WARN_STRICT_PROTOTYPES = YES;
				CLANG_WARN_SUSPICIOUS_MOVE = YES;
				CLANG_WARN_UNGUARDED_AVAILABILITY = YES_AGGRESSIVE;
				CLANG_WARN_UNREACHABLE_CODE = YES;
				CLANG_WARN__DUPLICATE_METHOD_MATCH = YES;
				COPY_PHASE_STRIP = NO;
				DEBUG_INFORMATION_FORMAT = "dwarf-with-dsym";
				ENABLE_NS_ASSERTIONS = NO;
				ENABLE_STRICT_OBJC_MSGSEND = YES;
				GCC_C_LANGUAGE_STANDARD = gnu11;
				GCC_NO_COMMON_BLOCKS = YES;
				GCC_WARN_64_TO_32_BIT_CONVERSION = YES;
				GCC_WARN_ABOUT_RETURN_TYPE = YES_ERROR;
				GCC_WARN_UNDECLARED_SELECTOR = YES;
				GCC_WARN_UNINITIALIZED_AUTOS = YES_AGGRESSIVE;
				GCC_WARN_UNUSED_FUNCTION = YES;
				GCC_WARN_UNUSED_VARIABLE = YES;
				IPHONEOS_DEPLOYMENT_TARGET = 10.0;
				MTL_ENABLE_DEBUG_INFO = NO;
				MTL_FAST_MATH = YES;
				SDKROOT = iphoneos;
				SWIFT_COMPILATION_MODE = wholemodule;
				SWIFT_OPTIMIZATION_LEVEL = "-O";
				VALIDATE_PRODUCT = YES;
			};
			name = Release;
		};
		A5532C7E251A5C0200D9C715 /* Debug */ = {
			isa = XCBuildConfiguration;
			buildSettings = {
				ASSETCATALOG_COMPILER_APPICON_NAME = AppIcon;
				CODE_SIGN_STYLE = Automatic;
				DEVELOPMENT_TEAM = 5QVZ7M9V99;
				INFOPLIST_FILE = UnsplashApp/Config/Info.plist;
				LD_RUNPATH_SEARCH_PATHS = (
					"$(inherited)",
					"@executable_path/Frameworks",
				);
				PRODUCT_BUNDLE_IDENTIFIER = metoSimka.UnTestApp;
				PRODUCT_NAME = "$(TARGET_NAME)";
				SWIFT_VERSION = 5.0;
				TARGETED_DEVICE_FAMILY = "1,2";
			};
			name = Debug;
		};
		A5532C7F251A5C0200D9C715 /* Release */ = {
			isa = XCBuildConfiguration;
			buildSettings = {
				ASSETCATALOG_COMPILER_APPICON_NAME = AppIcon;
				CODE_SIGN_STYLE = Automatic;
				DEVELOPMENT_TEAM = 5QVZ7M9V99;
				INFOPLIST_FILE = UnsplashApp/Config/Info.plist;
				LD_RUNPATH_SEARCH_PATHS = (
					"$(inherited)",
					"@executable_path/Frameworks",
				);
				PRODUCT_BUNDLE_IDENTIFIER = metoSimka.UnTestApp;
				PRODUCT_NAME = "$(TARGET_NAME)";
				SWIFT_VERSION = 5.0;
				TARGETED_DEVICE_FAMILY = "1,2";
			};
			name = Release;
		};
/* End XCBuildConfiguration section */

/* Begin XCConfigurationList section */
		A5532C61251A5C0200D9C715 /* Build configuration list for PBXProject "UnsplashApp" */ = {
			isa = XCConfigurationList;
			buildConfigurations = (
				A5532C7B251A5C0200D9C715 /* Debug */,
				A5532C7C251A5C0200D9C715 /* Release */,
			);
			defaultConfigurationIsVisible = 0;
			defaultConfigurationName = Release;
		};
		A5532C7D251A5C0200D9C715 /* Build configuration list for PBXNativeTarget "UnsplashApp" */ = {
			isa = XCConfigurationList;
			buildConfigurations = (
				A5532C7E251A5C0200D9C715 /* Debug */,
				A5532C7F251A5C0200D9C715 /* Release */,
			);
			defaultConfigurationIsVisible = 0;
			defaultConfigurationName = Release;
		};
/* End XCConfigurationList section */

/* Begin XCVersionGroup section */
		A5532C72251A5C0200D9C715 /* UnsplashApp.xcdatamodeld */ = {
			isa = XCVersionGroup;
			children = (
				A5532C73251A5C0200D9C715 /* UnsplashApp.xcdatamodel */,
			);
			currentVersion = A5532C73251A5C0200D9C715 /* UnsplashApp.xcdatamodel */;
			path = UnsplashApp.xcdatamodeld;
			sourceTree = "<group>";
			versionGroupType = wrapper.xcdatamodel;
		};
/* End XCVersionGroup section */
	};
	rootObject = A5532C5E251A5C0200D9C715 /* Project object */;
}
